
Microsoft Visual Studio Solution File, Format Version 12.00
# Visual Studio Version 16
VisualStudioVersion = 16.0.30517.126
MinimumVisualStudioVersion = 10.0.40219.1
Project("{FAE04EC0-301F-11D3-BF4B-00C04F79EFBC}") = "USW Pathfinder.Android", "USW Pathfinder\USW Pathfinder.Android\USW Pathfinder.Android.csproj", "{7342632C-0FC7-47FC-9414-465C1449B441}"
EndProject
Project("{FAE04EC0-301F-11D3-BF4B-00C04F79EFBC}") = "USW Pathfinder.iOS", "USW Pathfinder\USW Pathfinder.iOS\USW Pathfinder.iOS.csproj", "{312611ED-6CEC-41E6-A1EC-41D2EF10787B}"
EndProject
Project("{FAE04EC0-301F-11D3-BF4B-00C04F79EFBC}") = "USW Pathfinder", "USW Pathfinder\USW Pathfinder\USW Pathfinder.csproj", "{8CD08C9F-4601-4032-B3E6-071A2D80F4AA}"
EndProject
Global
	GlobalSection(SolutionConfigurationPlatforms) = preSolution
		Debug|Any CPU = Debug|Any CPU
		Debug|iPhone = Debug|iPhone
		Debug|iPhoneSimulator = Debug|iPhoneSimulator
		Release|Any CPU = Release|Any CPU
		Release|iPhone = Release|iPhone
		Release|iPhoneSimulator = Release|iPhoneSimulator
	EndGlobalSection
	GlobalSection(ProjectConfigurationPlatforms) = postSolution
		{7342632C-0FC7-47FC-9414-465C1449B441}.Debug|Any CPU.ActiveCfg = Debug|Any CPU
		{7342632C-0FC7-47FC-9414-465C1449B441}.Debug|Any CPU.Build.0 = Debug|Any CPU
		{7342632C-0FC7-47FC-9414-465C1449B441}.Debug|Any CPU.Deploy.0 = Debug|Any CPU
		{7342632C-0FC7-47FC-9414-465C1449B441}.Debug|iPhone.ActiveCfg = Debug|Any CPU
		{7342632C-0FC7-47FC-9414-465C1449B441}.Debug|iPhone.Build.0 = Debug|Any CPU
		{7342632C-0FC7-47FC-9414-465C1449B441}.Debug|iPhone.Deploy.0 = Debug|Any CPU
		{7342632C-0FC7-47FC-9414-465C1449B441}.Debug|iPhoneSimulator.ActiveCfg = Debug|Any CPU
		{7342632C-0FC7-47FC-9414-465C1449B441}.Debug|iPhoneSimulator.Build.0 = Debug|Any CPU
		{7342632C-0FC7-47FC-9414-465C1449B441}.Debug|iPhoneSimulator.Deploy.0 = Debug|Any CPU
		{7342632C-0FC7-47FC-9414-465C1449B441}.Release|Any CPU.ActiveCfg = Release|Any CPU
		{7342632C-0FC7-47FC-9414-465C1449B441}.Release|Any CPU.Build.0 = Release|Any CPU
		{7342632C-0FC7-47FC-9414-465C1449B441}.Release|Any CPU.Deploy.0 = Release|Any CPU
		{7342632C-0FC7-47FC-9414-465C1449B441}.Release|iPhone.ActiveCfg = Release|Any CPU
		{7342632C-0FC7-47FC-9414-465C1449B441}.Release|iPhone.Build.0 = Release|Any CPU
		{7342632C-0FC7-47FC-9414-465C1449B441}.Release|iPhone.Deploy.0 = Release|Any CPU
		{7342632C-0FC7-47FC-9414-465C1449B441}.Release|iPhoneSimulator.ActiveCfg = Release|Any CPU
		{7342632C-0FC7-47FC-9414-465C1449B441}.Release|iPhoneSimulator.Build.0 = Release|Any CPU
		{7342632C-0FC7-47FC-9414-465C1449B441}.Release|iPhoneSimulator.Deploy.0 = Release|Any CPU
		{312611ED-6CEC-41E6-A1EC-41D2EF10787B}.Debug|Any CPU.ActiveCfg = Debug|iPhone
		{312611ED-6CEC-41E6-A1EC-41D2EF10787B}.Debug|Any CPU.Build.0 = Debug|iPhone
		{312611ED-6CEC-41E6-A1EC-41D2EF10787B}.Debug|Any CPU.Deploy.0 = Debug|iPhone
		{312611ED-6CEC-41E6-A1EC-41D2EF10787B}.Debug|iPhone.ActiveCfg = Debug|iPhone
		{312611ED-6CEC-41E6-A1EC-41D2EF10787B}.Debug|iPhone.Build.0 = Debug|iPhone
		{312611ED-6CEC-41E6-A1EC-41D2EF10787B}.Debug|iPhone.Deploy.0 = Debug|iPhone
		{312611ED-6CEC-41E6-A1EC-41D2EF10787B}.Debug|iPhoneSimulator.ActiveCfg = Debug|iPhoneSimulator
		{312611ED-6CEC-41E6-A1EC-41D2EF10787B}.Debug|iPhoneSimulator.Build.0 = Debug|iPhoneSimulator
		{312611ED-6CEC-41E6-A1EC-41D2EF10787B}.Debug|iPhoneSimulator.Deploy.0 = Debug|iPhoneSimulator
		{312611ED-6CEC-41E6-A1EC-41D2EF10787B}.Release|Any CPU.ActiveCfg = Release|iPhoneSimulator
		{312611ED-6CEC-41E6-A1EC-41D2EF10787B}.Release|Any CPU.Build.0 = Release|iPhoneSimulator
		{312611ED-6CEC-41E6-A1EC-41D2EF10787B}.Release|Any CPU.Deploy.0 = Release|iPhoneSimulator
		{312611ED-6CEC-41E6-A1EC-41D2EF10787B}.Release|iPhone.ActiveCfg = Release|iPhone
		{312611ED-6CEC-41E6-A1EC-41D2EF10787B}.Release|iPhone.Build.0 = Release|iPhone
		{312611ED-6CEC-41E6-A1EC-41D2EF10787B}.Release|iPhone.Deploy.0 = Release|iPhone
		{312611ED-6CEC-41E6-A1EC-41D2EF10787B}.Release|iPhoneSimulator.ActiveCfg = Release|iPhoneSimulator
		{312611ED-6CEC-41E6-A1EC-41D2EF10787B}.Release|iPhoneSimulator.Build.0 = Release|iPhoneSimulator
		{312611ED-6CEC-41E6-A1EC-41D2EF10787B}.Release|iPhoneSimulator.Deploy.0 = Release|iPhoneSimulator
		{8CD08C9F-4601-4032-B3E6-071A2D80F4AA}.Debug|Any CPU.ActiveCfg = Debug|Any CPU
		{8CD08C9F-4601-4032-B3E6-071A2D80F4AA}.Debug|Any CPU.Build.0 = Debug|Any CPU
		{8CD08C9F-4601-4032-B3E6-071A2D80F4AA}.Debug|Any CPU.Deploy.0 = Debug|Any CPU
		{8CD08C9F-4601-4032-B3E6-071A2D80F4AA}.Debug|iPhone.ActiveCfg = Debug|Any CPU
		{8CD08C9F-4601-4032-B3E6-071A2D80F4AA}.Debug|iPhone.Build.0 = Debug|Any CPU
		{8CD08C9F-4601-4032-B3E6-071A2D80F4AA}.Debug|iPhone.Deploy.0 = Debug|Any CPU
		{8CD08C9F-4601-4032-B3E6-071A2D80F4AA}.Debug|iPhoneSimulator.ActiveCfg = Debug|Any CPU
		{8CD08C9F-4601-4032-B3E6-071A2D80F4AA}.Debug|iPhoneSimulator.Build.0 = Debug|Any CPU
		{8CD08C9F-4601-4032-B3E6-071A2D80F4AA}.Debug|iPhoneSimulator.Deploy.0 = Debug|Any CPU
		{8CD08C9F-4601-4032-B3E6-071A2D80F4AA}.Release|Any CPU.ActiveCfg = Release|Any CPU
		{8CD08C9F-4601-4032-B3E6-071A2D80F4AA}.Release|Any CPU.Build.0 = Release|Any CPU
		{8CD08C9F-4601-4032-B3E6-071A2D80F4AA}.Release|Any CPU.Deploy.0 = Release|Any CPU
		{8CD08C9F-4601-4032-B3E6-071A2D80F4AA}.Release|iPhone.ActiveCfg = Release|Any CPU
		{8CD08C9F-4601-4032-B3E6-071A2D80F4AA}.Release|iPhone.Build.0 = Release|Any CPU
		{8CD08C9F-4601-4032-B3E6-071A2D80F4AA}.Release|iPhone.Deploy.0 = Release|Any CPU
		{8CD08C9F-4601-4032-B3E6-071A2D80F4AA}.Release|iPhoneSimulator.ActiveCfg = Release|Any CPU
		{8CD08C9F-4601-4032-B3E6-071A2D80F4AA}.Release|iPhoneSimulator.Build.0 = Release|Any CPU
		{8CD08C9F-4601-4032-B3E6-071A2D80F4AA}.Release|iPhoneSimulator.Deploy.0 = Release|Any CPU
	EndGlobalSection
	GlobalSection(SolutionProperties) = preSolution
		HideSolutionNode = FALSE
	EndGlobalSection
	GlobalSection(ExtensibilityGlobals) = postSolution
		SolutionGuid = {21529874-7113-4101-A08D-BD42FE9EE81A}
	EndGlobalSection
EndGlobal
